
Microsoft Visual Studio Solution File, Format Version 12.00
# Visual Studio 15
VisualStudioVersion = 15.0.26124.0
MinimumVisualStudioVersion = 15.0.26124.0
Project("{F2A71F9B-5D33-465A-A702-920D77279786}") = "app", "app\app.fsproj", "{CC8C575F-2696-4667-AF71-67AA832B232E}"
EndProject
Project("{F2A71F9B-5D33-465A-A702-920D77279786}") = "helloworldlib", "helloworldlib\helloworldlib.fsproj", "{FEC0AFC5-F655-43CA-B203-227041A8E9D2}"
EndProject
Project("{F2A71F9B-5D33-465A-A702-920D77279786}") = "Bob", "exercism\bob\Bob.fsproj", "{C860DA21-F057-4E81-ADF0-2AC2F689844C}"
EndProject
Project("{F2A71F9B-5D33-465A-A702-920D77279786}") = "Grains", "exercism\grains\Grains.fsproj", "{9287EF66-B664-4FAB-82E1-30DFB140EC67}"
EndProject
Project("{F2A71F9B-5D33-465A-A702-920D77279786}") = "Leap", "exercism\leap\Leap.fsproj", "{2A3AC868-B1C9-42D2-9F22-26913AEF4F51}"
EndProject
Global
	GlobalSection(SolutionConfigurationPlatforms) = preSolution
		Debug|Any CPU = Debug|Any CPU
		Debug|x64 = Debug|x64
		Debug|x86 = Debug|x86
		Release|Any CPU = Release|Any CPU
		Release|x64 = Release|x64
		Release|x86 = Release|x86
	EndGlobalSection
	GlobalSection(SolutionProperties) = preSolution
		HideSolutionNode = FALSE
	EndGlobalSection
	GlobalSection(ProjectConfigurationPlatforms) = postSolution
		{CC8C575F-2696-4667-AF71-67AA832B232E}.Debug|Any CPU.ActiveCfg = Debug|Any CPU
		{CC8C575F-2696-4667-AF71-67AA832B232E}.Debug|Any CPU.Build.0 = Debug|Any CPU
		{CC8C575F-2696-4667-AF71-67AA832B232E}.Debug|x64.ActiveCfg = Debug|Any CPU
		{CC8C575F-2696-4667-AF71-67AA832B232E}.Debug|x64.Build.0 = Debug|Any CPU
		{CC8C575F-2696-4667-AF71-67AA832B232E}.Debug|x86.ActiveCfg = Debug|Any CPU
		{CC8C575F-2696-4667-AF71-67AA832B232E}.Debug|x86.Build.0 = Debug|Any CPU
		{CC8C575F-2696-4667-AF71-67AA832B232E}.Release|Any CPU.ActiveCfg = Release|Any CPU
		{CC8C575F-2696-4667-AF71-67AA832B232E}.Release|Any CPU.Build.0 = Release|Any CPU
		{CC8C575F-2696-4667-AF71-67AA832B232E}.Release|x64.ActiveCfg = Release|Any CPU
		{CC8C575F-2696-4667-AF71-67AA832B232E}.Release|x64.Build.0 = Release|Any CPU
		{CC8C575F-2696-4667-AF71-67AA832B232E}.Release|x86.ActiveCfg = Release|Any CPU
		{CC8C575F-2696-4667-AF71-67AA832B232E}.Release|x86.Build.0 = Release|Any CPU
		{FEC0AFC5-F655-43CA-B203-227041A8E9D2}.Debug|Any CPU.ActiveCfg = Debug|Any CPU
		{FEC0AFC5-F655-43CA-B203-227041A8E9D2}.Debug|Any CPU.Build.0 = Debug|Any CPU
		{FEC0AFC5-F655-43CA-B203-227041A8E9D2}.Debug|x64.ActiveCfg = Debug|Any CPU
		{FEC0AFC5-F655-43CA-B203-227041A8E9D2}.Debug|x64.Build.0 = Debug|Any CPU
		{FEC0AFC5-F655-43CA-B203-227041A8E9D2}.Debug|x86.ActiveCfg = Debug|Any CPU
		{FEC0AFC5-F655-43CA-B203-227041A8E9D2}.Debug|x86.Build.0 = Debug|Any CPU
		{FEC0AFC5-F655-43CA-B203-227041A8E9D2}.Release|Any CPU.ActiveCfg = Release|Any CPU
		{FEC0AFC5-F655-43CA-B203-227041A8E9D2}.Release|Any CPU.Build.0 = Release|Any CPU
		{FEC0AFC5-F655-43CA-B203-227041A8E9D2}.Release|x64.ActiveCfg = Release|Any CPU
		{FEC0AFC5-F655-43CA-B203-227041A8E9D2}.Release|x64.Build.0 = Release|Any CPU
		{FEC0AFC5-F655-43CA-B203-227041A8E9D2}.Release|x86.ActiveCfg = Release|Any CPU
		{FEC0AFC5-F655-43CA-B203-227041A8E9D2}.Release|x86.Build.0 = Release|Any CPU
		{C860DA21-F057-4E81-ADF0-2AC2F689844C}.Debug|Any CPU.ActiveCfg = Debug|Any CPU
		{C860DA21-F057-4E81-ADF0-2AC2F689844C}.Debug|Any CPU.Build.0 = Debug|Any CPU
		{C860DA21-F057-4E81-ADF0-2AC2F689844C}.Debug|x64.ActiveCfg = Debug|Any CPU
		{C860DA21-F057-4E81-ADF0-2AC2F689844C}.Debug|x64.Build.0 = Debug|Any CPU
		{C860DA21-F057-4E81-ADF0-2AC2F689844C}.Debug|x86.ActiveCfg = Debug|Any CPU
		{C860DA21-F057-4E81-ADF0-2AC2F689844C}.Debug|x86.Build.0 = Debug|Any CPU
		{C860DA21-F057-4E81-ADF0-2AC2F689844C}.Release|Any CPU.ActiveCfg = Release|Any CPU
		{C860DA21-F057-4E81-ADF0-2AC2F689844C}.Release|Any CPU.Build.0 = Release|Any CPU
		{C860DA21-F057-4E81-ADF0-2AC2F689844C}.Release|x64.ActiveCfg = Release|Any CPU
		{C860DA21-F057-4E81-ADF0-2AC2F689844C}.Release|x64.Build.0 = Release|Any CPU
		{C860DA21-F057-4E81-ADF0-2AC2F689844C}.Release|x86.ActiveCfg = Release|Any CPU
		{C860DA21-F057-4E81-ADF0-2AC2F689844C}.Release|x86.Build.0 = Release|Any CPU
		{9287EF66-B664-4FAB-82E1-30DFB140EC67}.Debug|Any CPU.ActiveCfg = Debug|Any CPU
		{9287EF66-B664-4FAB-82E1-30DFB140EC67}.Debug|Any CPU.Build.0 = Debug|Any CPU
		{9287EF66-B664-4FAB-82E1-30DFB140EC67}.Debug|x64.ActiveCfg = Debug|Any CPU
		{9287EF66-B664-4FAB-82E1-30DFB140EC67}.Debug|x64.Build.0 = Debug|Any CPU
		{9287EF66-B664-4FAB-82E1-30DFB140EC67}.Debug|x86.ActiveCfg = Debug|Any CPU
		{9287EF66-B664-4FAB-82E1-30DFB140EC67}.Debug|x86.Build.0 = Debug|Any CPU
		{9287EF66-B664-4FAB-82E1-30DFB140EC67}.Release|Any CPU.ActiveCfg = Release|Any CPU
		{9287EF66-B664-4FAB-82E1-30DFB140EC67}.Release|Any CPU.Build.0 = Release|Any CPU
		{9287EF66-B664-4FAB-82E1-30DFB140EC67}.Release|x64.ActiveCfg = Release|Any CPU
		{9287EF66-B664-4FAB-82E1-30DFB140EC67}.Release|x64.Build.0 = Release|Any CPU
		{9287EF66-B664-4FAB-82E1-30DFB140EC67}.Release|x86.ActiveCfg = Release|Any CPU
		{9287EF66-B664-4FAB-82E1-30DFB140EC67}.Release|x86.Build.0 = Release|Any CPU
		{2A3AC868-B1C9-42D2-9F22-26913AEF4F51}.Debug|Any CPU.ActiveCfg = Debug|Any CPU
		{2A3AC868-B1C9-42D2-9F22-26913AEF4F51}.Debug|Any CPU.Build.0 = Debug|Any CPU
		{2A3AC868-B1C9-42D2-9F22-26913AEF4F51}.Debug|x64.ActiveCfg = Debug|Any CPU
		{2A3AC868-B1C9-42D2-9F22-26913AEF4F51}.Debug|x64.Build.0 = Debug|Any CPU
		{2A3AC868-B1C9-42D2-9F22-26913AEF4F51}.Debug|x86.ActiveCfg = Debug|Any CPU
		{2A3AC868-B1C9-42D2-9F22-26913AEF4F51}.Debug|x86.Build.0 = Debug|Any CPU
		{2A3AC868-B1C9-42D2-9F22-26913AEF4F51}.Release|Any CPU.ActiveCfg = Release|Any CPU
		{2A3AC868-B1C9-42D2-9F22-26913AEF4F51}.Release|Any CPU.Build.0 = Release|Any CPU
		{2A3AC868-B1C9-42D2-9F22-26913AEF4F51}.Release|x64.ActiveCfg = Release|Any CPU
		{2A3AC868-B1C9-42D2-9F22-26913AEF4F51}.Release|x64.Build.0 = Release|Any CPU
		{2A3AC868-B1C9-42D2-9F22-26913AEF4F51}.Release|x86.ActiveCfg = Release|Any CPU
		{2A3AC868-B1C9-42D2-9F22-26913AEF4F51}.Release|x86.Build.0 = Release|Any CPU
	EndGlobalSection
EndGlobal
